
Microsoft Visual Studio Solution File, Format Version 12.00
# Visual Studio Version 17
VisualStudioVersion = 17.4.33213.308
MinimumVisualStudioVersion = 10.0.40219.1
Project("{FAE04EC0-301F-11D3-BF4B-00C04F79EFBC}") = "RateLimiting", "RateLimiting\RateLimiting.csproj", "{F5678681-CDE0-4AC5-94C5-576ECCC1C71D}"
EndProject
Global
	GlobalSection(SolutionConfigurationPlatforms) = preSolution
		Debug|Any CPU = Debug|Any CPU
		Release|Any CPU = Release|Any CPU
	EndGlobalSection
	GlobalSection(ProjectConfigurationPlatforms) = postSolution
		{F5678681-CDE0-4AC5-94C5-576ECCC1C71D}.Debug|Any CPU.ActiveCfg = Debug|Any CPU
		{F5678681-CDE0-4AC5-94C5-576ECCC1C71D}.Debug|Any CPU.Build.0 = Debug|Any CPU
		{F5678681-CDE0-4AC5-94C5-576ECCC1C71D}.Release|Any CPU.ActiveCfg = Release|Any CPU
		{F5678681-CDE0-4AC5-94C5-576ECCC1C71D}.Release|Any CPU.Build.0 = Release|Any CPU
	EndGlobalSection
	GlobalSection(SolutionProperties) = preSolution
		HideSolutionNode = FALSE
	EndGlobalSection
	GlobalSection(ExtensibilityGlobals) = postSolution
		SolutionGuid = {BCA10A4B-FA9D-440A-8BC0-1D875BED950C}
	EndGlobalSection
EndGlobal
